
Microsoft Visual Studio Solution File, Format Version 12.00
# Visual Studio Version 17
VisualStudioVersion = 17.2.32630.192
MinimumVisualStudioVersion = 10.0.40219.1
Project("{FAE04EC0-301F-11D3-BF4B-00C04F79EFBC}") = "CadastroWindows", "CadastroWindows.csproj", "{B004024D-9CFA-423D-8137-2E388A13D619}"
EndProject
Global
	GlobalSection(SolutionConfigurationPlatforms) = preSolution
		Debug|Any CPU = Debug|Any CPU
		Release|Any CPU = Release|Any CPU
	EndGlobalSection
	GlobalSection(ProjectConfigurationPlatforms) = postSolution
		{B004024D-9CFA-423D-8137-2E388A13D619}.Debug|Any CPU.ActiveCfg = Debug|Any CPU
		{B004024D-9CFA-423D-8137-2E388A13D619}.Debug|Any CPU.Build.0 = Debug|Any CPU
		{B004024D-9CFA-423D-8137-2E388A13D619}.Release|Any CPU.ActiveCfg = Release|Any CPU
		{B004024D-9CFA-423D-8137-2E388A13D619}.Release|Any CPU.Build.0 = Release|Any CPU
	EndGlobalSection
	GlobalSection(SolutionProperties) = preSolution
		HideSolutionNode = FALSE
	EndGlobalSection
	GlobalSection(ExtensibilityGlobals) = postSolution
		SolutionGuid = {04DE01BB-955C-4B1A-BFD2-D154D1EF30EA}
	EndGlobalSection
EndGlobal
